
Microsoft Visual Studio Solution File, Format Version 12.00
# Visual Studio 15
VisualStudioVersion = 15.0.28307.438
MinimumVisualStudioVersion = 10.0.40219.1
Project("{FAE04EC0-301F-11D3-BF4B-00C04F79EFBC}") = "Okr", "Okr\Okr.csproj", "{68858D92-202F-4A08-81F0-1C8BB150B35E}"
EndProject
Project("{9A19103F-16F7-4668-BE54-9A1E7A4F7556}") = "OkrLibrary1", "OkrLibrary1\OkrLibrary1.csproj", "{3AECA659-EDF2-4A87-9317-36DF5A3A3EC1}"
EndProject
Project("{FAE04EC0-301F-11D3-BF4B-00C04F79EFBC}") = "NUnitTestOKR", "NUnitTestOKR\NUnitTestOKR.csproj", "{D851063A-D385-40E8-B9BC-F76CC517402E}"
EndProject
Global
	GlobalSection(SolutionConfigurationPlatforms) = preSolution
		Debug|Any CPU = Debug|Any CPU
		Debug|ARM = Debug|ARM
		Debug|ARM64 = Debug|ARM64
		Debug|x64 = Debug|x64
		Debug|x86 = Debug|x86
		Release|Any CPU = Release|Any CPU
		Release|ARM = Release|ARM
		Release|ARM64 = Release|ARM64
		Release|x64 = Release|x64
		Release|x86 = Release|x86
	EndGlobalSection
	GlobalSection(ProjectConfigurationPlatforms) = postSolution
		{68858D92-202F-4A08-81F0-1C8BB150B35E}.Debug|Any CPU.ActiveCfg = Debug|x86
		{68858D92-202F-4A08-81F0-1C8BB150B35E}.Debug|ARM.ActiveCfg = Debug|ARM
		{68858D92-202F-4A08-81F0-1C8BB150B35E}.Debug|ARM.Build.0 = Debug|ARM
		{68858D92-202F-4A08-81F0-1C8BB150B35E}.Debug|ARM.Deploy.0 = Debug|ARM
		{68858D92-202F-4A08-81F0-1C8BB150B35E}.Debug|ARM64.ActiveCfg = Debug|ARM64
		{68858D92-202F-4A08-81F0-1C8BB150B35E}.Debug|ARM64.Build.0 = Debug|ARM64
		{68858D92-202F-4A08-81F0-1C8BB150B35E}.Debug|ARM64.Deploy.0 = Debug|ARM64
		{68858D92-202F-4A08-81F0-1C8BB150B35E}.Debug|x64.ActiveCfg = Debug|x64
		{68858D92-202F-4A08-81F0-1C8BB150B35E}.Debug|x64.Build.0 = Debug|x64
		{68858D92-202F-4A08-81F0-1C8BB150B35E}.Debug|x64.Deploy.0 = Debug|x64
		{68858D92-202F-4A08-81F0-1C8BB150B35E}.Debug|x86.ActiveCfg = Debug|x86
		{68858D92-202F-4A08-81F0-1C8BB150B35E}.Debug|x86.Build.0 = Debug|x86
		{68858D92-202F-4A08-81F0-1C8BB150B35E}.Debug|x86.Deploy.0 = Debug|x86
		{68858D92-202F-4A08-81F0-1C8BB150B35E}.Release|Any CPU.ActiveCfg = Release|x86
		{68858D92-202F-4A08-81F0-1C8BB150B35E}.Release|ARM.ActiveCfg = Release|ARM
		{68858D92-202F-4A08-81F0-1C8BB150B35E}.Release|ARM.Build.0 = Release|ARM
		{68858D92-202F-4A08-81F0-1C8BB150B35E}.Release|ARM.Deploy.0 = Release|ARM
		{68858D92-202F-4A08-81F0-1C8BB150B35E}.Release|ARM64.ActiveCfg = Release|ARM64
		{68858D92-202F-4A08-81F0-1C8BB150B35E}.Release|ARM64.Build.0 = Release|ARM64
		{68858D92-202F-4A08-81F0-1C8BB150B35E}.Release|ARM64.Deploy.0 = Release|ARM64
		{68858D92-202F-4A08-81F0-1C8BB150B35E}.Release|x64.ActiveCfg = Release|x64
		{68858D92-202F-4A08-81F0-1C8BB150B35E}.Release|x64.Build.0 = Release|x64
		{68858D92-202F-4A08-81F0-1C8BB150B35E}.Release|x64.Deploy.0 = Release|x64
		{68858D92-202F-4A08-81F0-1C8BB150B35E}.Release|x86.ActiveCfg = Release|x86
		{68858D92-202F-4A08-81F0-1C8BB150B35E}.Release|x86.Build.0 = Release|x86
		{68858D92-202F-4A08-81F0-1C8BB150B35E}.Release|x86.Deploy.0 = Release|x86
		{3AECA659-EDF2-4A87-9317-36DF5A3A3EC1}.Debug|Any CPU.ActiveCfg = Debug|Any CPU
		{3AECA659-EDF2-4A87-9317-36DF5A3A3EC1}.Debug|Any CPU.Build.0 = Debug|Any CPU
		{3AECA659-EDF2-4A87-9317-36DF5A3A3EC1}.Debug|ARM.ActiveCfg = Debug|Any CPU
		{3AECA659-EDF2-4A87-9317-36DF5A3A3EC1}.Debug|ARM.Build.0 = Debug|Any CPU
		{3AECA659-EDF2-4A87-9317-36DF5A3A3EC1}.Debug|ARM64.ActiveCfg = Debug|Any CPU
		{3AECA659-EDF2-4A87-9317-36DF5A3A3EC1}.Debug|ARM64.Build.0 = Debug|Any CPU
		{3AECA659-EDF2-4A87-9317-36DF5A3A3EC1}.Debug|x64.ActiveCfg = Debug|Any CPU
		{3AECA659-EDF2-4A87-9317-36DF5A3A3EC1}.Debug|x64.Build.0 = Debug|Any CPU
		{3AECA659-EDF2-4A87-9317-36DF5A3A3EC1}.Debug|x86.ActiveCfg = Debug|Any CPU
		{3AECA659-EDF2-4A87-9317-36DF5A3A3EC1}.Debug|x86.Build.0 = Debug|Any CPU
		{3AECA659-EDF2-4A87-9317-36DF5A3A3EC1}.Release|Any CPU.ActiveCfg = Release|Any CPU
		{3AECA659-EDF2-4A87-9317-36DF5A3A3EC1}.Release|Any CPU.Build.0 = Release|Any CPU
		{3AECA659-EDF2-4A87-9317-36DF5A3A3EC1}.Release|ARM.ActiveCfg = Release|Any CPU
		{3AECA659-EDF2-4A87-9317-36DF5A3A3EC1}.Release|ARM.Build.0 = Release|Any CPU
		{3AECA659-EDF2-4A87-9317-36DF5A3A3EC1}.Release|ARM64.ActiveCfg = Release|Any CPU
		{3AECA659-EDF2-4A87-9317-36DF5A3A3EC1}.Release|ARM64.Build.0 = Release|Any CPU
		{3AECA659-EDF2-4A87-9317-36DF5A3A3EC1}.Release|x64.ActiveCfg = Release|Any CPU
		{3AECA659-EDF2-4A87-9317-36DF5A3A3EC1}.Release|x64.Build.0 = Release|Any CPU
		{3AECA659-EDF2-4A87-9317-36DF5A3A3EC1}.Release|x86.ActiveCfg = Release|Any CPU
		{3AECA659-EDF2-4A87-9317-36DF5A3A3EC1}.Release|x86.Build.0 = Release|Any CPU
		{D851063A-D385-40E8-B9BC-F76CC517402E}.Debug|Any CPU.ActiveCfg = Debug|Any CPU
		{D851063A-D385-40E8-B9BC-F76CC517402E}.Debug|Any CPU.Build.0 = Debug|Any CPU
		{D851063A-D385-40E8-B9BC-F76CC517402E}.Debug|ARM.ActiveCfg = Debug|Any CPU
		{D851063A-D385-40E8-B9BC-F76CC517402E}.Debug|ARM.Build.0 = Debug|Any CPU
		{D851063A-D385-40E8-B9BC-F76CC517402E}.Debug|ARM64.ActiveCfg = Debug|Any CPU
		{D851063A-D385-40E8-B9BC-F76CC517402E}.Debug|ARM64.Build.0 = Debug|Any CPU
		{D851063A-D385-40E8-B9BC-F76CC517402E}.Debug|x64.ActiveCfg = Debug|Any CPU
		{D851063A-D385-40E8-B9BC-F76CC517402E}.Debug|x64.Build.0 = Debug|Any CPU
		{D851063A-D385-40E8-B9BC-F76CC517402E}.Debug|x86.ActiveCfg = Debug|Any CPU
		{D851063A-D385-40E8-B9BC-F76CC517402E}.Debug|x86.Build.0 = Debug|Any CPU
		{D851063A-D385-40E8-B9BC-F76CC517402E}.Release|Any CPU.ActiveCfg = Release|Any CPU
		{D851063A-D385-40E8-B9BC-F76CC517402E}.Release|Any CPU.Build.0 = Release|Any CPU
		{D851063A-D385-40E8-B9BC-F76CC517402E}.Release|ARM.ActiveCfg = Release|Any CPU
		{D851063A-D385-40E8-B9BC-F76CC517402E}.Release|ARM.Build.0 = Release|Any CPU
		{D851063A-D385-40E8-B9BC-F76CC517402E}.Release|ARM64.ActiveCfg = Release|Any CPU
		{D851063A-D385-40E8-B9BC-F76CC517402E}.Release|ARM64.Build.0 = Release|Any CPU
		{D851063A-D385-40E8-B9BC-F76CC517402E}.Release|x64.ActiveCfg = Release|Any CPU
		{D851063A-D385-40E8-B9BC-F76CC517402E}.Release|x64.Build.0 = Release|Any CPU
		{D851063A-D385-40E8-B9BC-F76CC517402E}.Release|x86.ActiveCfg = Release|Any CPU
		{D851063A-D385-40E8-B9BC-F76CC517402E}.Release|x86.Build.0 = Release|Any CPU
	EndGlobalSection
	GlobalSection(SolutionProperties) = preSolution
		HideSolutionNode = FALSE
	EndGlobalSection
	GlobalSection(ExtensibilityGlobals) = postSolution
		SolutionGuid = {43A5C6EC-DA49-47D8-922B-80158CAD1381}
	EndGlobalSection
EndGlobal
